// !$*UTF8*$!
{
	archiveVersion = 1;
	classes = {
	};
	objectVersion = 77;
	objects = {

/* Begin PBXBuildFile section */
		EFA401AE2D796EA60007C60C /* ContentView.swift in Sources */ = {isa = PBXBuildFile; fileRef = EFA401AB2D796EA60007C60C /* ContentView.swift */; };
		EFA401AF2D796EA60007C60C /* EasyWeatherApp.swift in Sources */ = {isa = PBXBuildFile; fileRef = EFA401AC2D796EA60007C60C /* EasyWeatherApp.swift */; };
		EFA401B02D796EA60007C60C /* Preview Assets.xcassets in Resources */ = {isa = PBXBuildFile; fileRef = EFA401A82D796EA60007C60C /* Preview Assets.xcassets */; };
		EFA401B12D796EA60007C60C /* Assets.xcassets in Resources */ = {isa = PBXBuildFile; fileRef = EFA401AA2D796EA60007C60C /* Assets.xcassets */; };
		EFA401B42D7972640007C60C /* Location.swift in Sources */ = {isa = PBXBuildFile; fileRef = EFA401B32D7972640007C60C /* Location.swift */; };
		EFA401B72D7973350007C60C /* SwiftFlags in Frameworks */ = {isa = PBXBuildFile; productRef = EFA401B62D7973350007C60C /* SwiftFlags */; };
		EFA401B92D79738E0007C60C /* Weather.swift in Sources */ = {isa = PBXBuildFile; fileRef = EFA401B82D79738E0007C60C /* Weather.swift */; };
		EFA401BC2D7975700007C60C /* APIEndpoints.swift in Sources */ = {isa = PBXBuildFile; fileRef = EFA401BB2D7975700007C60C /* APIEndpoints.swift */; };
		EFA401C02D7977710007C60C /* Secrets.plist in Resources */ = {isa = PBXBuildFile; fileRef = EFA401BF2D7977710007C60C /* Secrets.plist */; };
		EFA401C22D7977B20007C60C /* APIKeys.swift in Sources */ = {isa = PBXBuildFile; fileRef = EFA401C12D7977B20007C60C /* APIKeys.swift */; };
		EFA401C42D7979970007C60C /* GeocodingClient.swift in Sources */ = {isa = PBXBuildFile; fileRef = EFA401C32D7979970007C60C /* GeocodingClient.swift */; };
		EFA401C62D797C2A0007C60C /* WeatherClient.swift in Sources */ = {isa = PBXBuildFile; fileRef = EFA401C52D797C2A0007C60C /* WeatherClient.swift */; };
		EFA401C92D798A540007C60C /* WeatherView.swift in Sources */ = {isa = PBXBuildFile; fileRef = EFA401C82D798A540007C60C /* WeatherView.swift */; };
		EFA401CD2D7995B60007C60C /* AlertMessageView.swift in Sources */ = {isa = PBXBuildFile; fileRef = EFA401CC2D7995B60007C60C /* AlertMessageView.swift */; };
		EFA401D02D79AA0F0007C60C /* MeasurementFormatter+Ext.swift in Sources */ = {isa = PBXBuildFile; fileRef = EFA401CF2D79AA0F0007C60C /* MeasurementFormatter+Ext.swift */; };
/* End PBXBuildFile section */

/* Begin PBXFileReference section */
		EFA401972D796E9E0007C60C /* EasyWeather.app */ = {isa = PBXFileReference; explicitFileType = wrapper.application; includeInIndex = 0; path = EasyWeather.app; sourceTree = BUILT_PRODUCTS_DIR; };
		EFA401A82D796EA60007C60C /* Preview Assets.xcassets */ = {isa = PBXFileReference; lastKnownFileType = folder.assetcatalog; path = "Preview Assets.xcassets"; sourceTree = "<group>"; };
		EFA401AA2D796EA60007C60C /* Assets.xcassets */ = {isa = PBXFileReference; lastKnownFileType = folder.assetcatalog; path = Assets.xcassets; sourceTree = "<group>"; };
		EFA401AB2D796EA60007C60C /* ContentView.swift */ = {isa = PBXFileReference; lastKnownFileType = sourcecode.swift; path = ContentView.swift; sourceTree = "<group>"; };
		EFA401AC2D796EA60007C60C /* EasyWeatherApp.swift */ = {isa = PBXFileReference; lastKnownFileType = sourcecode.swift; path = EasyWeatherApp.swift; sourceTree = "<group>"; };
		EFA401B32D7972640007C60C /* Location.swift */ = {isa = PBXFileReference; lastKnownFileType = sourcecode.swift; path = Location.swift; sourceTree = "<group>"; };
		EFA401B82D79738E0007C60C /* Weather.swift */ = {isa = PBXFileReference; lastKnownFileType = sourcecode.swift; path = Weather.swift; sourceTree = "<group>"; };
		EFA401BB2D7975700007C60C /* APIEndpoints.swift */ = {isa = PBXFileReference; lastKnownFileType = sourcecode.swift; path = APIEndpoints.swift; sourceTree = "<group>"; };
		EFA401BE2D7977120007C60C /* .gitignore */ = {isa = PBXFileReference; lastKnownFileType = text; path = .gitignore; sourceTree = "<group>"; };
		EFA401BF2D7977710007C60C /* Secrets.plist */ = {isa = PBXFileReference; lastKnownFileType = text.plist.xml; path = Secrets.plist; sourceTree = "<group>"; };
		EFA401C12D7977B20007C60C /* APIKeys.swift */ = {isa = PBXFileReference; lastKnownFileType = sourcecode.swift; path = APIKeys.swift; sourceTree = "<group>"; };
		EFA401C32D7979970007C60C /* GeocodingClient.swift */ = {isa = PBXFileReference; lastKnownFileType = sourcecode.swift; path = GeocodingClient.swift; sourceTree = "<group>"; };
		EFA401C52D797C2A0007C60C /* WeatherClient.swift */ = {isa = PBXFileReference; lastKnownFileType = sourcecode.swift; path = WeatherClient.swift; sourceTree = "<group>"; };
		EFA401C82D798A540007C60C /* WeatherView.swift */ = {isa = PBXFileReference; lastKnownFileType = sourcecode.swift; path = WeatherView.swift; sourceTree = "<group>"; };
		EFA401CC2D7995B60007C60C /* AlertMessageView.swift */ = {isa = PBXFileReference; lastKnownFileType = sourcecode.swift; path = AlertMessageView.swift; sourceTree = "<group>"; };
		EFA401CF2D79AA0F0007C60C /* MeasurementFormatter+Ext.swift */ = {isa = PBXFileReference; lastKnownFileType = sourcecode.swift; path = "MeasurementFormatter+Ext.swift"; sourceTree = "<group>"; };
/* End PBXFileReference section */

/* Begin PBXFrameworksBuildPhase section */
		EFA401942D796E9E0007C60C /* Frameworks */ = {
			isa = PBXFrameworksBuildPhase;
			buildActionMask = 2147483647;
			files = (
				EFA401B72D7973350007C60C /* SwiftFlags in Frameworks */,
			);
			runOnlyForDeploymentPostprocessing = 0;
		};
/* End PBXFrameworksBuildPhase section */

/* Begin PBXGroup section */
		EFA4018E2D796E9E0007C60C = {
			isa = PBXGroup;
			children = (
				EFA401BE2D7977120007C60C /* .gitignore */,
				EFA401AD2D796EA60007C60C /* EasyWeather */,
				EFA401982D796E9E0007C60C /* Products */,
			);
			sourceTree = "<group>";
		};
		EFA401982D796E9E0007C60C /* Products */ = {
			isa = PBXGroup;
			children = (
				EFA401972D796E9E0007C60C /* EasyWeather.app */,
			);
			name = Products;
			sourceTree = "<group>";
		};
		EFA401A92D796EA60007C60C /* Preview Content */ = {
			isa = PBXGroup;
			children = (
				EFA401A82D796EA60007C60C /* Preview Assets.xcassets */,
			);
			path = "Preview Content";
			sourceTree = "<group>";
		};
		EFA401AD2D796EA60007C60C /* EasyWeather */ = {
			isa = PBXGroup;
			children = (
				EFA401BF2D7977710007C60C /* Secrets.plist */,
				EFA401CE2D79A9F10007C60C /* Extension */,
				EFA401BD2D7976E50007C60C /* Utils */,
				EFA401BA2D79754F0007C60C /* Client */,
				EFA401B22D7972190007C60C /* Model */,
				EFA401C72D798A3B0007C60C /* View */,
				EFA401AC2D796EA60007C60C /* EasyWeatherApp.swift */,
				EFA401AA2D796EA60007C60C /* Assets.xcassets */,
				EFA401A92D796EA60007C60C /* Preview Content */,
			);
			path = EasyWeather;
			sourceTree = "<group>";
		};
		EFA401B22D7972190007C60C /* Model */ = {
			isa = PBXGroup;
			children = (
				EFA401B32D7972640007C60C /* Location.swift */,
				EFA401B82D79738E0007C60C /* Weather.swift */,
			);
			path = Model;
			sourceTree = "<group>";
		};
		EFA401BA2D79754F0007C60C /* Client */ = {
			isa = PBXGroup;
			children = (
				EFA401BB2D7975700007C60C /* APIEndpoints.swift */,
				EFA401C32D7979970007C60C /* GeocodingClient.swift */,
				EFA401C52D797C2A0007C60C /* WeatherClient.swift */,
			);
			path = Client;
			sourceTree = "<group>";
		};
		EFA401BD2D7976E50007C60C /* Utils */ = {
			isa = PBXGroup;
			children = (
				EFA401C12D7977B20007C60C /* APIKeys.swift */,
			);
			path = Utils;
			sourceTree = "<group>";
		};
		EFA401C72D798A3B0007C60C /* View */ = {
			isa = PBXGroup;
			children = (
				EFA401AB2D796EA60007C60C /* ContentView.swift */,
				EFA401CC2D7995B60007C60C /* AlertMessageView.swift */,
				EFA401C82D798A540007C60C /* WeatherView.swift */,
			);
			path = View;
			sourceTree = "<group>";
		};
		EFA401CE2D79A9F10007C60C /* Extension */ = {
			isa = PBXGroup;
			children = (
				EFA401CF2D79AA0F0007C60C /* MeasurementFormatter+Ext.swift */,
			);
			path = Extension;
			sourceTree = "<group>";
		};
/* End PBXGroup section */

/* Begin PBXNativeTarget section */
		EFA401962D796E9E0007C60C /* EasyWeather */ = {
			isa = PBXNativeTarget;
			buildConfigurationList = EFA401A52D796E9F0007C60C /* Build configuration list for PBXNativeTarget "EasyWeather" */;
			buildPhases = (
				EFA401932D796E9E0007C60C /* Sources */,
				EFA401942D796E9E0007C60C /* Frameworks */,
				EFA401952D796E9E0007C60C /* Resources */,
			);
			buildRules = (
			);
			dependencies = (
			);
			name = EasyWeather;
			packageProductDependencies = (
				EFA401B62D7973350007C60C /* SwiftFlags */,
			);
			productName = EasyWeather;
			productReference = EFA401972D796E9E0007C60C /* EasyWeather.app */;
			productType = "com.apple.product-type.application";
		};
/* End PBXNativeTarget section */

/* Begin PBXProject section */
		EFA4018F2D796E9E0007C60C /* Project object */ = {
			isa = PBXProject;
			attributes = {
				BuildIndependentTargetsInParallel = 1;
				LastSwiftUpdateCheck = 1620;
				LastUpgradeCheck = 1620;
				TargetAttributes = {
					EFA401962D796E9E0007C60C = {
						CreatedOnToolsVersion = 16.2;
					};
				};
			};
			buildConfigurationList = EFA401922D796E9E0007C60C /* Build configuration list for PBXProject "EasyWeather" */;
			developmentRegion = en;
			hasScannedForEncodings = 0;
			knownRegions = (
				en,
				Base,
			);
			mainGroup = EFA4018E2D796E9E0007C60C;
			minimizedProjectReferenceProxies = 1;
			packageReferences = (
				EFA401B52D7973350007C60C /* XCRemoteSwiftPackageReference "SwiftFlags" */,
			);
			preferredProjectObjectVersion = 77;
			productRefGroup = EFA401982D796E9E0007C60C /* Products */;
			projectDirPath = "";
			projectRoot = "";
			targets = (
				EFA401962D796E9E0007C60C /* EasyWeather */,
			);
		};
/* End PBXProject section */

/* Begin PBXResourcesBuildPhase section */
		EFA401952D796E9E0007C60C /* Resources */ = {
			isa = PBXResourcesBuildPhase;
			buildActionMask = 2147483647;
			files = (
				EFA401B02D796EA60007C60C /* Preview Assets.xcassets in Resources */,
				EFA401C02D7977710007C60C /* Secrets.plist in Resources */,
				EFA401B12D796EA60007C60C /* Assets.xcassets in Resources */,
			);
			runOnlyForDeploymentPostprocessing = 0;
		};
/* End PBXResourcesBuildPhase section */

/* Begin PBXSourcesBuildPhase section */
		EFA401932D796E9E0007C60C /* Sources */ = {
			isa = PBXSourcesBuildPhase;
			buildActionMask = 2147483647;
			files = (
				EFA401C22D7977B20007C60C /* APIKeys.swift in Sources */,
				EFA401BC2D7975700007C60C /* APIEndpoints.swift in Sources */,
				EFA401C42D7979970007C60C /* GeocodingClient.swift in Sources */,
				EFA401B92D79738E0007C60C /* Weather.swift in Sources */,
				EFA401AE2D796EA60007C60C /* ContentView.swift in Sources */,
				EFA401D02D79AA0F0007C60C /* MeasurementFormatter+Ext.swift in Sources */,
				EFA401CD2D7995B60007C60C /* AlertMessageView.swift in Sources */,
				EFA401C62D797C2A0007C60C /* WeatherClient.swift in Sources */,
				EFA401C92D798A540007C60C /* WeatherView.swift in Sources */,
				EFA401B42D7972640007C60C /* Location.swift in Sources */,
				EFA401AF2D796EA60007C60C /* EasyWeatherApp.swift in Sources */,
			);
			runOnlyForDeploymentPostprocessing = 0;
		};
/* End PBXSourcesBuildPhase section */

/* Begin XCBuildConfiguration section */
		EFA401A32D796E9F0007C60C /* Debug */ = {
			isa = XCBuildConfiguration;
			buildSettings = {
				ALWAYS_SEARCH_USER_PATHS = NO;
				ASSETCATALOG_COMPILER_GENERATE_SWIFT_ASSET_SYMBOL_EXTENSIONS = YES;
				CLANG_ANALYZER_NONNULL = YES;
				CLANG_ANALYZER_NUMBER_OBJECT_CONVERSION = YES_AGGRESSIVE;
				CLANG_CXX_LANGUAGE_STANDARD = "gnu++20";
				CLANG_ENABLE_MODULES = YES;
				CLANG_ENABLE_OBJC_ARC = YES;
				CLANG_ENABLE_OBJC_WEAK = YES;
				CLANG_WARN_BLOCK_CAPTURE_AUTORELEASING = YES;
				CLANG_WARN_BOOL_CONVERSION = YES;
				CLANG_WARN_COMMA = YES;
				CLANG_WARN_CONSTANT_CONVERSION = YES;
				CLANG_WARN_DEPRECATED_OBJC_IMPLEMENTATIONS = YES;
				CLANG_WARN_DIRECT_OBJC_ISA_USAGE = YES_ERROR;
				CLANG_WARN_DOCUMENTATION_COMMENTS = YES;
				CLANG_WARN_EMPTY_BODY = YES;
				CLANG_WARN_ENUM_CONVERSION = YES;
				CLANG_WARN_INFINITE_RECURSION = YES;
				CLANG_WARN_INT_CONVERSION = YES;
				CLANG_WARN_NON_LITERAL_NULL_CONVERSION = YES;
				CLANG_WARN_OBJC_IMPLICIT_RETAIN_SELF = YES;
				CLANG_WARN_OBJC_LITERAL_CONVERSION = YES;
				CLANG_WARN_OBJC_ROOT_CLASS = YES_ERROR;
				CLANG_WARN_QUOTED_INCLUDE_IN_FRAMEWORK_HEADER = YES;
				CLANG_WARN_RANGE_LOOP_ANALYSIS = YES;
				CLANG_WARN_STRICT_PROTOTYPES = YES;
				CLANG_WARN_SUSPICIOUS_MOVE = YES;
				CLANG_WARN_UNGUARDED_AVAILABILITY = YES_AGGRESSIVE;
				CLANG_WARN_UNREACHABLE_CODE = YES;
				CLANG_WARN__DUPLICATE_METHOD_MATCH = YES;
				COPY_PHASE_STRIP = NO;
				DEBUG_INFORMATION_FORMAT = dwarf;
				ENABLE_STRICT_OBJC_MSGSEND = YES;
				ENABLE_TESTABILITY = YES;
				ENABLE_USER_SCRIPT_SANDBOXING = YES;
				GCC_C_LANGUAGE_STANDARD = gnu17;
				GCC_DYNAMIC_NO_PIC = NO;
				GCC_NO_COMMON_BLOCKS = YES;
				GCC_OPTIMIZATION_LEVEL = 0;
				GCC_PREPROCESSOR_DEFINITIONS = (
					"DEBUG=1",
					"$(inherited)",
				);
				GCC_WARN_64_TO_32_BIT_CONVERSION = YES;
				GCC_WARN_ABOUT_RETURN_TYPE = YES_ERROR;
				GCC_WARN_UNDECLARED_SELECTOR = YES;
				GCC_WARN_UNINITIALIZED_AUTOS = YES_AGGRESSIVE;
				GCC_WARN_UNUSED_FUNCTION = YES;
				GCC_WARN_UNUSED_VARIABLE = YES;
				IPHONEOS_DEPLOYMENT_TARGET = 18.2;
				LOCALIZATION_PREFERS_STRING_CATALOGS = YES;
				MTL_ENABLE_DEBUG_INFO = INCLUDE_SOURCE;
				MTL_FAST_MATH = YES;
				ONLY_ACTIVE_ARCH = YES;
				SDKROOT = iphoneos;
				SWIFT_ACTIVE_COMPILATION_CONDITIONS = "DEBUG $(inherited)";
				SWIFT_OPTIMIZATION_LEVEL = "-Onone";
			};
			name = Debug;
		};
		EFA401A42D796E9F0007C60C /* Release */ = {
			isa = XCBuildConfiguration;
			buildSettings = {
				ALWAYS_SEARCH_USER_PATHS = NO;
				ASSETCATALOG_COMPILER_GENERATE_SWIFT_ASSET_SYMBOL_EXTENSIONS = YES;
				CLANG_ANALYZER_NONNULL = YES;
				CLANG_ANALYZER_NUMBER_OBJECT_CONVERSION = YES_AGGRESSIVE;
				CLANG_CXX_LANGUAGE_STANDARD = "gnu++20";
				CLANG_ENABLE_MODULES = YES;
				CLANG_ENABLE_OBJC_ARC = YES;
				CLANG_ENABLE_OBJC_WEAK = YES;
				CLANG_WARN_BLOCK_CAPTURE_AUTORELEASING = YES;
				CLANG_WARN_BOOL_CONVERSION = YES;
				CLANG_WARN_COMMA = YES;
				CLANG_WARN_CONSTANT_CONVERSION = YES;
				CLANG_WARN_DEPRECATED_OBJC_IMPLEMENTATIONS = YES;
				CLANG_WARN_DIRECT_OBJC_ISA_USAGE = YES_ERROR;
				CLANG_WARN_DOCUMENTATION_COMMENTS = YES;
				CLANG_WARN_EMPTY_BODY = YES;
				CLANG_WARN_ENUM_CONVERSION = YES;
				CLANG_WARN_INFINITE_RECURSION = YES;
				CLANG_WARN_INT_CONVERSION = YES;
				CLANG_WARN_NON_LITERAL_NULL_CONVERSION = YES;
				CLANG_WARN_OBJC_IMPLICIT_RETAIN_SELF = YES;
				CLANG_WARN_OBJC_LITERAL_CONVERSION = YES;
				CLANG_WARN_OBJC_ROOT_CLASS = YES_ERROR;
				CLANG_WARN_QUOTED_INCLUDE_IN_FRAMEWORK_HEADER = YES;
				CLANG_WARN_RANGE_LOOP_ANALYSIS = YES;
				CLANG_WARN_STRICT_PROTOTYPES = YES;
				CLANG_WARN_SUSPICIOUS_MOVE = YES;
				CLANG_WARN_UNGUARDED_AVAILABILITY = YES_AGGRESSIVE;
				CLANG_WARN_UNREACHABLE_CODE = YES;
				CLANG_WARN__DUPLICATE_METHOD_MATCH = YES;
				COPY_PHASE_STRIP = NO;
				DEBUG_INFORMATION_FORMAT = "dwarf-with-dsym";
				ENABLE_NS_ASSERTIONS = NO;
				ENABLE_STRICT_OBJC_MSGSEND = YES;
				ENABLE_USER_SCRIPT_SANDBOXING = YES;
				GCC_C_LANGUAGE_STANDARD = gnu17;
				GCC_NO_COMMON_BLOCKS = YES;
				GCC_WARN_64_TO_32_BIT_CONVERSION = YES;
				GCC_WARN_ABOUT_RETURN_TYPE = YES_ERROR;
				GCC_WARN_UNDECLARED_SELECTOR = YES;
				GCC_WARN_UNINITIALIZED_AUTOS = YES_AGGRESSIVE;
				GCC_WARN_UNUSED_FUNCTION = YES;
				GCC_WARN_UNUSED_VARIABLE = YES;
				IPHONEOS_DEPLOYMENT_TARGET = 18.2;
				LOCALIZATION_PREFERS_STRING_CATALOGS = YES;
				MTL_ENABLE_DEBUG_INFO = NO;
				MTL_FAST_MATH = YES;
				SDKROOT = iphoneos;
				SWIFT_COMPILATION_MODE = wholemodule;
				VALIDATE_PRODUCT = YES;
			};
			name = Release;
		};
		EFA401A62D796E9F0007C60C /* Debug */ = {
			isa = XCBuildConfiguration;
			buildSettings = {
				ASSETCATALOG_COMPILER_APPICON_NAME = AppIcon;
				ASSETCATALOG_COMPILER_GLOBAL_ACCENT_COLOR_NAME = AccentColor;
				CODE_SIGN_STYLE = Automatic;
				CURRENT_PROJECT_VERSION = 1;
				DEVELOPMENT_ASSET_PATHS = "\"EasyWeather/Preview Content\"";
				DEVELOPMENT_TEAM = T9MD4URZFH;
				ENABLE_PREVIEWS = YES;
				GENERATE_INFOPLIST_FILE = YES;
				INFOPLIST_KEY_UIApplicationSceneManifest_Generation = YES;
				INFOPLIST_KEY_UIApplicationSupportsIndirectInputEvents = YES;
				INFOPLIST_KEY_UILaunchScreen_Generation = YES;
				INFOPLIST_KEY_UISupportedInterfaceOrientations_iPad = "UIInterfaceOrientationPortrait UIInterfaceOrientationPortraitUpsideDown UIInterfaceOrientationLandscapeLeft UIInterfaceOrientationLandscapeRight";
				INFOPLIST_KEY_UISupportedInterfaceOrientations_iPhone = "UIInterfaceOrientationPortrait UIInterfaceOrientationLandscapeLeft UIInterfaceOrientationLandscapeRight";
				LD_RUNPATH_SEARCH_PATHS = (
					"$(inherited)",
					"@executable_path/Frameworks",
				);
				MARKETING_VERSION = 1.0;
				PRODUCT_BUNDLE_IDENTIFIER = com.superkookai.EasyWeather;
				PRODUCT_NAME = "$(TARGET_NAME)";
				SWIFT_EMIT_LOC_STRINGS = YES;
				SWIFT_VERSION = 5.0;
				TARGETED_DEVICE_FAMILY = "1,2";
			};
			name = Debug;
		};
		EFA401A72D796E9F0007C60C /* Release */ = {
			isa = XCBuildConfiguration;
			buildSettings = {
				ASSETCATALOG_COMPILER_APPICON_NAME = AppIcon;
				ASSETCATALOG_COMPILER_GLOBAL_ACCENT_COLOR_NAME = AccentColor;
				CODE_SIGN_STYLE = Automatic;
				CURRENT_PROJECT_VERSION = 1;
				DEVELOPMENT_ASSET_PATHS = "\"EasyWeather/Preview Content\"";
				DEVELOPMENT_TEAM = T9MD4URZFH;
				ENABLE_PREVIEWS = YES;
				GENERATE_INFOPLIST_FILE = YES;
				INFOPLIST_KEY_UIApplicationSceneManifest_Generation = YES;
				INFOPLIST_KEY_UIApplicationSupportsIndirectInputEvents = YES;
				INFOPLIST_KEY_UILaunchScreen_Generation = YES;
				INFOPLIST_KEY_UISupportedInterfaceOrientations_iPad = "UIInterfaceOrientationPortrait UIInterfaceOrientationPortraitUpsideDown UIInterfaceOrientationLandscapeLeft UIInterfaceOrientationLandscapeRight";
				INFOPLIST_KEY_UISupportedInterfaceOrientations_iPhone = "UIInterfaceOrientationPortrait UIInterfaceOrientationLandscapeLeft UIInterfaceOrientationLandscapeRight";
				LD_RUNPATH_SEARCH_PATHS = (
					"$(inherited)",
					"@executable_path/Frameworks",
				);
				MARKETING_VERSION = 1.0;
				PRODUCT_BUNDLE_IDENTIFIER = com.superkookai.EasyWeather;
				PRODUCT_NAME = "$(TARGET_NAME)";
				SWIFT_EMIT_LOC_STRINGS = YES;
				SWIFT_VERSION = 5.0;
				TARGETED_DEVICE_FAMILY = "1,2";
			};
			name = Release;
		};
/* End XCBuildConfiguration section */

/* Begin XCConfigurationList section */
		EFA401922D796E9E0007C60C /* Build configuration list for PBXProject "EasyWeather" */ = {
			isa = XCConfigurationList;
			buildConfigurations = (
				EFA401A32D796E9F0007C60C /* Debug */,
				EFA401A42D796E9F0007C60C /* Release */,
			);
			defaultConfigurationIsVisible = 0;
			defaultConfigurationName = Release;
		};
		EFA401A52D796E9F0007C60C /* Build configuration list for PBXNativeTarget "EasyWeather" */ = {
			isa = XCConfigurationList;
			buildConfigurations = (
				EFA401A62D796E9F0007C60C /* Debug */,
				EFA401A72D796E9F0007C60C /* Release */,
			);
			defaultConfigurationIsVisible = 0;
			defaultConfigurationName = Release;
		};
/* End XCConfigurationList section */

/* Begin XCRemoteSwiftPackageReference section */
		EFA401B52D7973350007C60C /* XCRemoteSwiftPackageReference "SwiftFlags" */ = {
			isa = XCRemoteSwiftPackageReference;
			repositoryURL = "https://github.com/BubiDevs/SwiftFlags.git";
			requirement = {
				kind = upToNextMajorVersion;
				minimumVersion = 1.2.0;
			};
		};
/* End XCRemoteSwiftPackageReference section */

/* Begin XCSwiftPackageProductDependency section */
		EFA401B62D7973350007C60C /* SwiftFlags */ = {
			isa = XCSwiftPackageProductDependency;
			package = EFA401B52D7973350007C60C /* XCRemoteSwiftPackageReference "SwiftFlags" */;
			productName = SwiftFlags;
		};
/* End XCSwiftPackageProductDependency section */
	};
	rootObject = EFA4018F2D796E9E0007C60C /* Project object */;
}
